github.com/otiai10/gosseract v2.2.1+incompatible h1:Ry5ltVdpdp4LAa2bMjsSJH34XHVOV7XMi41HtzL8X2I=
github.com/otiai10/gosseract v2.2.1+incompatible/go.mod h1:XrzWItCzCpFRZ35n3YtVTgq5bLAhFIkascoRo8G32QE=
github.com/otiai10/mint v1.6.3 h1:87qsV/aw1F5as1eH1zS/yqHY85ANKVMgkDrf9rcxbQs=
github.com/otiai10/mint v1.6.3/go.mod h1:MJm72SBthJjz8qhefc4z1PYEieWmy8Bku7CjcAqyUSM=
github.com/tjgq/sane v0.0.0-20180903025858-a697b47bd07c h1:eAvZ7ifJN0D7EuTpG0W96JrMThJI+e6OnsHF7tqP0IE=
github.com/tjgq/sane v0.0.0-20180903025858-a697b47bd07c/go.mod h1:VAAJOvnXA7ItE82SmBr2bHO4fwAZM5zhvNAow+6/JxE=
gocv.io/x/gocv v0.36.1 h1:6XkEaPOk7h/umjy+MXgSEtSeCIgcPJhccUjrJFhjdTY=
gocv.io/x/gocv v0.36.1/go.mod h1:lmS802zoQmnNvXETpmGriBqWrENPei2GxYx5KUxJsMA=
golang.org/x/image v0.16.0 h1:9kloLAKhUufZhA12l5fwnx2NZW39/we1UhBesW433jw=
golang.org/x/image v0.16.0/go.mod h1:ugSZItdV4nOxyqp56HmXwH0Ry0nBCpjnZdpDaIHdoPs=
golang.org/x/net v0.25.0 h1:d/OCCoBEUq33pjydKrGQhw7IlUPI2Oylr+8qLx49kac=
golang.org/x/net v0.25.0/go.mod h1:JkAGAh7GEvH74S6FOH42FLoXpXbE/aqXSrIQjXgsiwM=
